
Microsoft Visual Studio Solution File, Format Version 12.00
Project("{FAE04EC0-301F-11D3-BF4B-00C04F79EFBC}") = "WoodCampMapsize", "WoodCampMapsize\WoodCampMapsize.csproj", "{704F68F0-C566-48DD-9425-9F26787E2758}"
EndProject
Global
	GlobalSection(SolutionConfigurationPlatforms) = preSolution
		Debug|Any CPU = Debug|Any CPU
		Release|Any CPU = Release|Any CPU
	EndGlobalSection
	GlobalSection(ProjectConfigurationPlatforms) = postSolution
		{704F68F0-C566-48DD-9425-9F26787E2758}.Debug|Any CPU.ActiveCfg = Debug|Any CPU
		{704F68F0-C566-48DD-9425-9F26787E2758}.Debug|Any CPU.Build.0 = Debug|Any CPU
		{704F68F0-C566-48DD-9425-9F26787E2758}.Release|Any CPU.ActiveCfg = Release|Any CPU
		{704F68F0-C566-48DD-9425-9F26787E2758}.Release|Any CPU.Build.0 = Release|Any CPU
	EndGlobalSection
EndGlobal
